{
  "name": "hwb",
  "version": "0.1.5",
  "lockfileVersion": 3,
  "requires": true,
  "packages": {
    "": {
      "name": "hwb",
      "version": "0.1.5",
      "license": "MIT",
      "bin": {
        "hwb": "src/cli.js"
      },
      "engines": {
        "node": ">=22.5.0"
      }
    }
  }
}
